# Generated by pub
# See https://dart.dev/tools/pub/glossary#lockfile
packages:
  trotter:
    dependency: "direct main"
    description:
      name: trotter
      sha256: "59c8d5e98904355e887d80aae52b02828a811fe96474645aaf8fa7761ea64851"
      url: "https://pub.dev"
    source: hosted
    version: "2.2.0"
sdks:
  dart: ">=3.2.0 <4.0.0"
